
Microsoft Visual Studio Solution File, Format Version 12.00
# Visual Studio Version 17
VisualStudioVersion = 17.0.31903.59
MinimumVisualStudioVersion = 10.0.40219.1
Project("{2150E333-8FDC-42A3-9474-1A3956D46DE8}") = "src", "src", "{BF39283B-2A72-446B-8ABA-AA3D07D2F7B1}"
EndProject
Project("{FAE04EC0-301F-11D3-BF4B-00C04F79EFBC}") = "TieghiCorp.API", "src\TieghiCorp.API\TieghiCorp.API.csproj", "{4E6BF9D7-3D55-4E24-91ED-FE490B79ABDF}"
EndProject
Project("{FAE04EC0-301F-11D3-BF4B-00C04F79EFBC}") = "TieghiCorp.Core", "src\TieghiCorp.Core\TieghiCorp.Core.csproj", "{5D652F3D-FF61-42A9-8CEE-BF618D719602}"
EndProject
Project("{FAE04EC0-301F-11D3-BF4B-00C04F79EFBC}") = "TieghiCorp.Infra", "src\TieghiCorp.Infra\TieghiCorp.Infra.csproj", "{0C276A33-A7F5-4FA1-AE69-E60227B26AAB}"
EndProject
Project("{FAE04EC0-301F-11D3-BF4B-00C04F79EFBC}") = "TieghiCorp.UseCases", "src\TieghiCorp.UseCases\TieghiCorp.UseCases.csproj", "{4C37D59C-8DD2-4751-9B94-8628F9A846E9}"
EndProject
Global
	GlobalSection(SolutionConfigurationPlatforms) = preSolution
		Debug|Any CPU = Debug|Any CPU
		Release|Any CPU = Release|Any CPU
	EndGlobalSection
	GlobalSection(SolutionProperties) = preSolution
		HideSolutionNode = FALSE
	EndGlobalSection
	GlobalSection(ProjectConfigurationPlatforms) = postSolution
		{4E6BF9D7-3D55-4E24-91ED-FE490B79ABDF}.Debug|Any CPU.ActiveCfg = Debug|Any CPU
		{4E6BF9D7-3D55-4E24-91ED-FE490B79ABDF}.Debug|Any CPU.Build.0 = Debug|Any CPU
		{4E6BF9D7-3D55-4E24-91ED-FE490B79ABDF}.Release|Any CPU.ActiveCfg = Release|Any CPU
		{4E6BF9D7-3D55-4E24-91ED-FE490B79ABDF}.Release|Any CPU.Build.0 = Release|Any CPU
		{5D652F3D-FF61-42A9-8CEE-BF618D719602}.Debug|Any CPU.ActiveCfg = Debug|Any CPU
		{5D652F3D-FF61-42A9-8CEE-BF618D719602}.Debug|Any CPU.Build.0 = Debug|Any CPU
		{5D652F3D-FF61-42A9-8CEE-BF618D719602}.Release|Any CPU.ActiveCfg = Release|Any CPU
		{5D652F3D-FF61-42A9-8CEE-BF618D719602}.Release|Any CPU.Build.0 = Release|Any CPU
		{0C276A33-A7F5-4FA1-AE69-E60227B26AAB}.Debug|Any CPU.ActiveCfg = Debug|Any CPU
		{0C276A33-A7F5-4FA1-AE69-E60227B26AAB}.Debug|Any CPU.Build.0 = Debug|Any CPU
		{0C276A33-A7F5-4FA1-AE69-E60227B26AAB}.Release|Any CPU.ActiveCfg = Release|Any CPU
		{0C276A33-A7F5-4FA1-AE69-E60227B26AAB}.Release|Any CPU.Build.0 = Release|Any CPU
		{4C37D59C-8DD2-4751-9B94-8628F9A846E9}.Debug|Any CPU.ActiveCfg = Debug|Any CPU
		{4C37D59C-8DD2-4751-9B94-8628F9A846E9}.Debug|Any CPU.Build.0 = Debug|Any CPU
		{4C37D59C-8DD2-4751-9B94-8628F9A846E9}.Release|Any CPU.ActiveCfg = Release|Any CPU
		{4C37D59C-8DD2-4751-9B94-8628F9A846E9}.Release|Any CPU.Build.0 = Release|Any CPU
	EndGlobalSection
	GlobalSection(NestedProjects) = preSolution
		{4E6BF9D7-3D55-4E24-91ED-FE490B79ABDF} = {BF39283B-2A72-446B-8ABA-AA3D07D2F7B1}
		{5D652F3D-FF61-42A9-8CEE-BF618D719602} = {BF39283B-2A72-446B-8ABA-AA3D07D2F7B1}
		{0C276A33-A7F5-4FA1-AE69-E60227B26AAB} = {BF39283B-2A72-446B-8ABA-AA3D07D2F7B1}
		{4C37D59C-8DD2-4751-9B94-8628F9A846E9} = {BF39283B-2A72-446B-8ABA-AA3D07D2F7B1}
	EndGlobalSection
EndGlobal
